
Microsoft Visual Studio Solution File, Format Version 12.00
# Visual Studio Version 17
VisualStudioVersion = 17.6.33829.357
MinimumVisualStudioVersion = 10.0.40219.1
Project("{FAE04EC0-301F-11D3-BF4B-00C04F79EFBC}") = "Calcualtor", "Calcualtor.csproj", "{FF94F91E-F754-4E8D-9571-D758CCB520D1}"
EndProject
Global
	GlobalSection(SolutionConfigurationPlatforms) = preSolution
		Debug|Any CPU = Debug|Any CPU
		Release|Any CPU = Release|Any CPU
	EndGlobalSection
	GlobalSection(ProjectConfigurationPlatforms) = postSolution
		{FF94F91E-F754-4E8D-9571-D758CCB520D1}.Debug|Any CPU.ActiveCfg = Debug|Any CPU
		{FF94F91E-F754-4E8D-9571-D758CCB520D1}.Debug|Any CPU.Build.0 = Debug|Any CPU
		{FF94F91E-F754-4E8D-9571-D758CCB520D1}.Release|Any CPU.ActiveCfg = Release|Any CPU
		{FF94F91E-F754-4E8D-9571-D758CCB520D1}.Release|Any CPU.Build.0 = Release|Any CPU
	EndGlobalSection
	GlobalSection(SolutionProperties) = preSolution
		HideSolutionNode = FALSE
	EndGlobalSection
	GlobalSection(ExtensibilityGlobals) = postSolution
		SolutionGuid = {BB770C47-D1BE-49D5-B910-2160565B0C0E}
	EndGlobalSection
EndGlobal
